{
  "name": "newEkhytera",
  "lockfileVersion": 3,
  "requires": true,
  "packages": {
    "": {
      "dependencies": {
        "sweetalert2": "^11.14.4"
      }
    },
    "node_modules/sweetalert2": {
      "version": "11.14.4",
      "resolved": "https://registry.npmjs.org/sweetalert2/-/sweetalert2-11.14.4.tgz",
      "integrity": "sha512-8QMzjxCuinwm18EK5AtYvuhP+lRMRxTWVXy8om9wGlULsXSI4TD29kyih3VYrSXMMBlD4EShFvNC7slhTC7j0w==",
      "license": "MIT",
      "funding": {
        "type": "individual",
        "url": "https://github.com/sponsors/limonte"
      }
    }
  }
}
